
Microsoft Visual Studio Solution File, Format Version 12.00
# Visual Studio Version 17
VisualStudioVersion = 17.2.32602.215
MinimumVisualStudioVersion = 10.0.40219.1
Project("{9A19103F-16F7-4668-BE54-9A1E7A4F7556}") = "PrismOS", "PrismOS\PrismOS.csproj", "{C8304AB4-85C1-4A8D-9E0F-331E0DE3888E}"
EndProject
Project("{2150E333-8FDC-42A3-9474-1A3956D46DE8}") = "Solution Items", "Solution Items", "{F732F406-55BB-42AF-BD4A-8BBB93B0078A}"
	ProjectSection(SolutionItems) = preProject
		.editorconfig = .editorconfig
	EndProjectSection
EndProject
Project("{9A19103F-16F7-4668-BE54-9A1E7A4F7556}") = "PrismBinary", "PrismBinary\PrismBinary.csproj", "{F6939CA3-5F9B-4273-BEAF-84CF6F8921ED}"
EndProject
Project("{9A19103F-16F7-4668-BE54-9A1E7A4F7556}") = "PrismGL2D", "PrismGL2D\PrismGL2D.csproj", "{78941BEA-8318-403E-9582-756F1A68B813}"
EndProject
Project("{9A19103F-16F7-4668-BE54-9A1E7A4F7556}") = "PrismGL3D", "PrismGL3D\PrismGL3D.csproj", "{28CCAD69-141F-45FF-B95F-1F88F07F37C2}"
EndProject
Project("{9A19103F-16F7-4668-BE54-9A1E7A4F7556}") = "PrismNetwork", "PrismNetwork\PrismNetwork.csproj", "{C9E68E44-10D7-4DBB-A6BE-D4DEFA36C952}"
EndProject
Project("{9A19103F-16F7-4668-BE54-9A1E7A4F7556}") = "PrismUI", "PrismUI\PrismUI.csproj", "{F77B80F7-8C36-4645-AB07-97F1C2360D2E}"
EndProject
Project("{9A19103F-16F7-4668-BE54-9A1E7A4F7556}") = "PrismTools", "PrismTools\PrismTools.csproj", "{E3FFDE4A-0328-4722-9744-B7DD68B83A19}"
EndProject
Project("{FAE04EC0-301F-11D3-BF4B-00C04F79EFBC}") = "PrismAudio", "PrismAudio\PrismAudio.csproj", "{9721BB37-0F8C-4583-A3D6-8B18F6877187}"
EndProject
Global
	GlobalSection(SolutionConfigurationPlatforms) = preSolution
		Debug|Any CPU = Debug|Any CPU
		Debug|x86 = Debug|x86
		Release|Any CPU = Release|Any CPU
		Release|x86 = Release|x86
	EndGlobalSection
	GlobalSection(ProjectConfigurationPlatforms) = postSolution
		{C8304AB4-85C1-4A8D-9E0F-331E0DE3888E}.Debug|Any CPU.ActiveCfg = Debug|Any CPU
		{C8304AB4-85C1-4A8D-9E0F-331E0DE3888E}.Debug|Any CPU.Build.0 = Debug|Any CPU
		{C8304AB4-85C1-4A8D-9E0F-331E0DE3888E}.Debug|x86.ActiveCfg = Debug|Any CPU
		{C8304AB4-85C1-4A8D-9E0F-331E0DE3888E}.Debug|x86.Build.0 = Debug|Any CPU
		{C8304AB4-85C1-4A8D-9E0F-331E0DE3888E}.Release|Any CPU.ActiveCfg = Release|Any CPU
		{C8304AB4-85C1-4A8D-9E0F-331E0DE3888E}.Release|Any CPU.Build.0 = Release|Any CPU
		{C8304AB4-85C1-4A8D-9E0F-331E0DE3888E}.Release|x86.ActiveCfg = Release|Any CPU
		{C8304AB4-85C1-4A8D-9E0F-331E0DE3888E}.Release|x86.Build.0 = Release|Any CPU
		{F6939CA3-5F9B-4273-BEAF-84CF6F8921ED}.Debug|Any CPU.ActiveCfg = Debug|Any CPU
		{F6939CA3-5F9B-4273-BEAF-84CF6F8921ED}.Debug|Any CPU.Build.0 = Debug|Any CPU
		{F6939CA3-5F9B-4273-BEAF-84CF6F8921ED}.Debug|x86.ActiveCfg = Debug|Any CPU
		{F6939CA3-5F9B-4273-BEAF-84CF6F8921ED}.Debug|x86.Build.0 = Debug|Any CPU
		{F6939CA3-5F9B-4273-BEAF-84CF6F8921ED}.Release|Any CPU.ActiveCfg = Release|Any CPU
		{F6939CA3-5F9B-4273-BEAF-84CF6F8921ED}.Release|Any CPU.Build.0 = Release|Any CPU
		{F6939CA3-5F9B-4273-BEAF-84CF6F8921ED}.Release|x86.ActiveCfg = Release|Any CPU
		{F6939CA3-5F9B-4273-BEAF-84CF6F8921ED}.Release|x86.Build.0 = Release|Any CPU
		{78941BEA-8318-403E-9582-756F1A68B813}.Debug|Any CPU.ActiveCfg = Debug|Any CPU
		{78941BEA-8318-403E-9582-756F1A68B813}.Debug|Any CPU.Build.0 = Debug|Any CPU
		{78941BEA-8318-403E-9582-756F1A68B813}.Debug|x86.ActiveCfg = Debug|Any CPU
		{78941BEA-8318-403E-9582-756F1A68B813}.Debug|x86.Build.0 = Debug|Any CPU
		{78941BEA-8318-403E-9582-756F1A68B813}.Release|Any CPU.ActiveCfg = Release|Any CPU
		{78941BEA-8318-403E-9582-756F1A68B813}.Release|Any CPU.Build.0 = Release|Any CPU
		{78941BEA-8318-403E-9582-756F1A68B813}.Release|x86.ActiveCfg = Release|Any CPU
		{78941BEA-8318-403E-9582-756F1A68B813}.Release|x86.Build.0 = Release|Any CPU
		{28CCAD69-141F-45FF-B95F-1F88F07F37C2}.Debug|Any CPU.ActiveCfg = Debug|Any CPU
		{28CCAD69-141F-45FF-B95F-1F88F07F37C2}.Debug|Any CPU.Build.0 = Debug|Any CPU
		{28CCAD69-141F-45FF-B95F-1F88F07F37C2}.Debug|x86.ActiveCfg = Debug|Any CPU
		{28CCAD69-141F-45FF-B95F-1F88F07F37C2}.Debug|x86.Build.0 = Debug|Any CPU
		{28CCAD69-141F-45FF-B95F-1F88F07F37C2}.Release|Any CPU.ActiveCfg = Release|Any CPU
		{28CCAD69-141F-45FF-B95F-1F88F07F37C2}.Release|Any CPU.Build.0 = Release|Any CPU
		{28CCAD69-141F-45FF-B95F-1F88F07F37C2}.Release|x86.ActiveCfg = Release|Any CPU
		{28CCAD69-141F-45FF-B95F-1F88F07F37C2}.Release|x86.Build.0 = Release|Any CPU
		{C9E68E44-10D7-4DBB-A6BE-D4DEFA36C952}.Debug|Any CPU.ActiveCfg = Debug|Any CPU
		{C9E68E44-10D7-4DBB-A6BE-D4DEFA36C952}.Debug|Any CPU.Build.0 = Debug|Any CPU
		{C9E68E44-10D7-4DBB-A6BE-D4DEFA36C952}.Debug|x86.ActiveCfg = Debug|Any CPU
		{C9E68E44-10D7-4DBB-A6BE-D4DEFA36C952}.Debug|x86.Build.0 = Debug|Any CPU
		{C9E68E44-10D7-4DBB-A6BE-D4DEFA36C952}.Release|Any CPU.ActiveCfg = Release|Any CPU
		{C9E68E44-10D7-4DBB-A6BE-D4DEFA36C952}.Release|Any CPU.Build.0 = Release|Any CPU
		{C9E68E44-10D7-4DBB-A6BE-D4DEFA36C952}.Release|x86.ActiveCfg = Release|Any CPU
		{C9E68E44-10D7-4DBB-A6BE-D4DEFA36C952}.Release|x86.Build.0 = Release|Any CPU
		{F77B80F7-8C36-4645-AB07-97F1C2360D2E}.Debug|Any CPU.ActiveCfg = Debug|Any CPU
		{F77B80F7-8C36-4645-AB07-97F1C2360D2E}.Debug|Any CPU.Build.0 = Debug|Any CPU
		{F77B80F7-8C36-4645-AB07-97F1C2360D2E}.Debug|x86.ActiveCfg = Debug|Any CPU
		{F77B80F7-8C36-4645-AB07-97F1C2360D2E}.Debug|x86.Build.0 = Debug|Any CPU
		{F77B80F7-8C36-4645-AB07-97F1C2360D2E}.Release|Any CPU.ActiveCfg = Release|Any CPU
		{F77B80F7-8C36-4645-AB07-97F1C2360D2E}.Release|Any CPU.Build.0 = Release|Any CPU
		{F77B80F7-8C36-4645-AB07-97F1C2360D2E}.Release|x86.ActiveCfg = Release|Any CPU
		{F77B80F7-8C36-4645-AB07-97F1C2360D2E}.Release|x86.Build.0 = Release|Any CPU
		{E3FFDE4A-0328-4722-9744-B7DD68B83A19}.Debug|Any CPU.ActiveCfg = Debug|Any CPU
		{E3FFDE4A-0328-4722-9744-B7DD68B83A19}.Debug|Any CPU.Build.0 = Debug|Any CPU
		{E3FFDE4A-0328-4722-9744-B7DD68B83A19}.Debug|x86.ActiveCfg = Debug|Any CPU
		{E3FFDE4A-0328-4722-9744-B7DD68B83A19}.Debug|x86.Build.0 = Debug|Any CPU
		{E3FFDE4A-0328-4722-9744-B7DD68B83A19}.Release|Any CPU.ActiveCfg = Release|Any CPU
		{E3FFDE4A-0328-4722-9744-B7DD68B83A19}.Release|Any CPU.Build.0 = Release|Any CPU
		{E3FFDE4A-0328-4722-9744-B7DD68B83A19}.Release|x86.ActiveCfg = Release|Any CPU
		{E3FFDE4A-0328-4722-9744-B7DD68B83A19}.Release|x86.Build.0 = Release|Any CPU
		{9721BB37-0F8C-4583-A3D6-8B18F6877187}.Debug|Any CPU.ActiveCfg = Debug|Any CPU
		{9721BB37-0F8C-4583-A3D6-8B18F6877187}.Debug|Any CPU.Build.0 = Debug|Any CPU
		{9721BB37-0F8C-4583-A3D6-8B18F6877187}.Debug|x86.ActiveCfg = Debug|Any CPU
		{9721BB37-0F8C-4583-A3D6-8B18F6877187}.Debug|x86.Build.0 = Debug|Any CPU
		{9721BB37-0F8C-4583-A3D6-8B18F6877187}.Release|Any CPU.ActiveCfg = Release|Any CPU
		{9721BB37-0F8C-4583-A3D6-8B18F6877187}.Release|Any CPU.Build.0 = Release|Any CPU
		{9721BB37-0F8C-4583-A3D6-8B18F6877187}.Release|x86.ActiveCfg = Release|Any CPU
		{9721BB37-0F8C-4583-A3D6-8B18F6877187}.Release|x86.Build.0 = Release|Any CPU
	EndGlobalSection
	GlobalSection(SolutionProperties) = preSolution
		HideSolutionNode = FALSE
	EndGlobalSection
	GlobalSection(ExtensibilityGlobals) = postSolution
		SolutionGuid = {C2549F24-03F0-47D5-9D3E-8F152F57426E}
	EndGlobalSection
EndGlobal
