
Microsoft Visual Studio Solution File, Format Version 12.00
# Visual Studio Version 16
VisualStudioVersion = 16.0.30907.101
MinimumVisualStudioVersion = 10.0.40219.1
Project("{9A19103F-16F7-4668-BE54-9A1E7A4F7556}") = "PrismProject", "LemonProject\PrismProject.csproj", "{73F59E35-03B8-41C8-8BC6-F9A221D1ACF4}"
EndProject
Global
	GlobalSection(SolutionConfigurationPlatforms) = preSolution
		Debug|Any CPU = Debug|Any CPU
		Release|Any CPU = Release|Any CPU
	EndGlobalSection
	GlobalSection(ProjectConfigurationPlatforms) = postSolution
		{73F59E35-03B8-41C8-8BC6-F9A221D1ACF4}.Debug|Any CPU.ActiveCfg = Debug|Any CPU
		{73F59E35-03B8-41C8-8BC6-F9A221D1ACF4}.Debug|Any CPU.Build.0 = Debug|Any CPU
		{73F59E35-03B8-41C8-8BC6-F9A221D1ACF4}.Release|Any CPU.ActiveCfg = Release|Any CPU
		{73F59E35-03B8-41C8-8BC6-F9A221D1ACF4}.Release|Any CPU.Build.0 = Release|Any CPU
	EndGlobalSection
	GlobalSection(SolutionProperties) = preSolution
		HideSolutionNode = FALSE
	EndGlobalSection
	GlobalSection(ExtensibilityGlobals) = postSolution
		SolutionGuid = {8D0845B7-08FE-46BF-8CDB-8C98684E17CD}
	EndGlobalSection
EndGlobal
