
Microsoft Visual Studio Solution File, Format Version 12.00
# Visual Studio Version 16
VisualStudioVersion = 16.0.31205.134
MinimumVisualStudioVersion = 10.0.40219.1
Project("{FAE04EC0-301F-11D3-BF4B-00C04F79EFBC}") = "project_lemon", "project_lemon\project_lemon.csproj", "{463361A0-E716-4A83-A094-8B2FE25B8D8F}"
EndProject
Global
	GlobalSection(SolutionConfigurationPlatforms) = preSolution
		Debug|Any CPU = Debug|Any CPU
		Release|Any CPU = Release|Any CPU
	EndGlobalSection
	GlobalSection(ProjectConfigurationPlatforms) = postSolution
		{463361A0-E716-4A83-A094-8B2FE25B8D8F}.Debug|Any CPU.ActiveCfg = Debug|Any CPU
		{463361A0-E716-4A83-A094-8B2FE25B8D8F}.Debug|Any CPU.Build.0 = Debug|Any CPU
		{463361A0-E716-4A83-A094-8B2FE25B8D8F}.Release|Any CPU.ActiveCfg = Release|Any CPU
		{463361A0-E716-4A83-A094-8B2FE25B8D8F}.Release|Any CPU.Build.0 = Release|Any CPU
	EndGlobalSection
	GlobalSection(SolutionProperties) = preSolution
		HideSolutionNode = FALSE
	EndGlobalSection
	GlobalSection(ExtensibilityGlobals) = postSolution
		SolutionGuid = {10DA190A-F696-44A7-9056-FE81E587105E}
	EndGlobalSection
EndGlobal
